
Microsoft Visual Studio Solution File, Format Version 11.00
# Visual Studio 2010
Project("{FAE04EC0-301F-11D3-BF4B-00C04F79EFBC}") = "Daedalus", "Daedalus.csproj", "{17D43BE6-A656-413C-B531-59D7F717DF3A}"
EndProject
Global
	GlobalSection(SolutionConfigurationPlatforms) = preSolution
		Debug|x86 = Debug|x86
		Release|x86 = Release|x86
	EndGlobalSection
	GlobalSection(ProjectConfigurationPlatforms) = postSolution
		{17D43BE6-A656-413C-B531-59D7F717DF3A}.Debug|x86.ActiveCfg = Debug|x86
		{17D43BE6-A656-413C-B531-59D7F717DF3A}.Debug|x86.Build.0 = Debug|x86
		{17D43BE6-A656-413C-B531-59D7F717DF3A}.Release|x86.ActiveCfg = Release|x86
		{17D43BE6-A656-413C-B531-59D7F717DF3A}.Release|x86.Build.0 = Release|x86
	EndGlobalSection
	GlobalSection(SolutionProperties) = preSolution
		HideSolutionNode = FALSE
	EndGlobalSection
EndGlobal
