
Microsoft Visual Studio Solution File, Format Version 12.00
# Visual Studio Express 2012 for Windows Desktop
Project("{FAE04EC0-301F-11D3-BF4B-00C04F79EFBC}") = "SqlSiphon", "SqlSiphon\SqlSiphon.csproj", "{136933A4-27E3-4CBF-84F8-8898447A3D8C}"
EndProject
Project("{FAE04EC0-301F-11D3-BF4B-00C04F79EFBC}") = "SqlSiphon.Postgres", "SqlSiphon.Postgres\SqlSiphon.Postgres.csproj", "{175A4D4A-2C9D-4EDD-B9CC-7ADC3322CC1C}"
EndProject
Project("{FAE04EC0-301F-11D3-BF4B-00C04F79EFBC}") = "SqlSiphon.MySql", "SqlSiphon.MySql\SqlSiphon.MySql.csproj", "{C103798D-9CBB-402C-BF99-32A7A150FD4B}"
EndProject
Project("{FAE04EC0-301F-11D3-BF4B-00C04F79EFBC}") = "SqlSiphon.SqlServer", "SqlSiphon.SqlServer\SqlSiphon.SqlServer.csproj", "{1C09319B-01E7-4F56-B29B-61FD4E546F54}"
EndProject
Project("{FAE04EC0-301F-11D3-BF4B-00C04F79EFBC}") = "SqlSiphon.ODBC", "SqlSiphon.ODBC\SqlSiphon.ODBC.csproj", "{E493A431-5F12-4D34-8CC4-6DF0D97ED388}"
EndProject
Global
	GlobalSection(SolutionConfigurationPlatforms) = preSolution
		Debug|Any CPU = Debug|Any CPU
		Debug|Mixed Platforms = Debug|Mixed Platforms
		Debug|x64 = Debug|x64
		Debug|x86 = Debug|x86
		Release|Any CPU = Release|Any CPU
		Release|Mixed Platforms = Release|Mixed Platforms
		Release|x64 = Release|x64
		Release|x86 = Release|x86
	EndGlobalSection
	GlobalSection(ProjectConfigurationPlatforms) = postSolution
		{136933A4-27E3-4CBF-84F8-8898447A3D8C}.Debug|Any CPU.ActiveCfg = Debug|x86
		{136933A4-27E3-4CBF-84F8-8898447A3D8C}.Debug|Mixed Platforms.ActiveCfg = Debug|x86
		{136933A4-27E3-4CBF-84F8-8898447A3D8C}.Debug|Mixed Platforms.Build.0 = Debug|x86
		{136933A4-27E3-4CBF-84F8-8898447A3D8C}.Debug|x64.ActiveCfg = Debug|x86
		{136933A4-27E3-4CBF-84F8-8898447A3D8C}.Debug|x86.ActiveCfg = Debug|x86
		{136933A4-27E3-4CBF-84F8-8898447A3D8C}.Debug|x86.Build.0 = Debug|x86
		{136933A4-27E3-4CBF-84F8-8898447A3D8C}.Release|Any CPU.ActiveCfg = Release|x86
		{136933A4-27E3-4CBF-84F8-8898447A3D8C}.Release|Mixed Platforms.ActiveCfg = Release|x86
		{136933A4-27E3-4CBF-84F8-8898447A3D8C}.Release|Mixed Platforms.Build.0 = Release|x86
		{136933A4-27E3-4CBF-84F8-8898447A3D8C}.Release|x64.ActiveCfg = Release|x86
		{136933A4-27E3-4CBF-84F8-8898447A3D8C}.Release|x86.ActiveCfg = Release|x86
		{136933A4-27E3-4CBF-84F8-8898447A3D8C}.Release|x86.Build.0 = Release|x86
		{175A4D4A-2C9D-4EDD-B9CC-7ADC3322CC1C}.Debug|Any CPU.ActiveCfg = Debug|Any CPU
		{175A4D4A-2C9D-4EDD-B9CC-7ADC3322CC1C}.Debug|Any CPU.Build.0 = Debug|Any CPU
		{175A4D4A-2C9D-4EDD-B9CC-7ADC3322CC1C}.Debug|Mixed Platforms.ActiveCfg = Debug|Any CPU
		{175A4D4A-2C9D-4EDD-B9CC-7ADC3322CC1C}.Debug|Mixed Platforms.Build.0 = Debug|Any CPU
		{175A4D4A-2C9D-4EDD-B9CC-7ADC3322CC1C}.Debug|x64.ActiveCfg = Debug|Any CPU
		{175A4D4A-2C9D-4EDD-B9CC-7ADC3322CC1C}.Debug|x86.ActiveCfg = Debug|Any CPU
		{175A4D4A-2C9D-4EDD-B9CC-7ADC3322CC1C}.Debug|x86.Build.0 = Debug|Any CPU
		{175A4D4A-2C9D-4EDD-B9CC-7ADC3322CC1C}.Release|Any CPU.ActiveCfg = Release|Any CPU
		{175A4D4A-2C9D-4EDD-B9CC-7ADC3322CC1C}.Release|Any CPU.Build.0 = Release|Any CPU
		{175A4D4A-2C9D-4EDD-B9CC-7ADC3322CC1C}.Release|Mixed Platforms.ActiveCfg = Release|Any CPU
		{175A4D4A-2C9D-4EDD-B9CC-7ADC3322CC1C}.Release|Mixed Platforms.Build.0 = Release|Any CPU
		{175A4D4A-2C9D-4EDD-B9CC-7ADC3322CC1C}.Release|x64.ActiveCfg = Release|Any CPU
		{175A4D4A-2C9D-4EDD-B9CC-7ADC3322CC1C}.Release|x86.ActiveCfg = Release|Any CPU
		{175A4D4A-2C9D-4EDD-B9CC-7ADC3322CC1C}.Release|x86.Build.0 = Release|Any CPU
		{C103798D-9CBB-402C-BF99-32A7A150FD4B}.Debug|Any CPU.ActiveCfg = Debug|Any CPU
		{C103798D-9CBB-402C-BF99-32A7A150FD4B}.Debug|Any CPU.Build.0 = Debug|Any CPU
		{C103798D-9CBB-402C-BF99-32A7A150FD4B}.Debug|Mixed Platforms.ActiveCfg = Debug|x86
		{C103798D-9CBB-402C-BF99-32A7A150FD4B}.Debug|Mixed Platforms.Build.0 = Debug|x86
		{C103798D-9CBB-402C-BF99-32A7A150FD4B}.Debug|x64.ActiveCfg = Debug|x64
		{C103798D-9CBB-402C-BF99-32A7A150FD4B}.Debug|x64.Build.0 = Debug|x64
		{C103798D-9CBB-402C-BF99-32A7A150FD4B}.Debug|x86.ActiveCfg = Debug|x86
		{C103798D-9CBB-402C-BF99-32A7A150FD4B}.Debug|x86.Build.0 = Debug|x86
		{C103798D-9CBB-402C-BF99-32A7A150FD4B}.Release|Any CPU.ActiveCfg = Release|Any CPU
		{C103798D-9CBB-402C-BF99-32A7A150FD4B}.Release|Any CPU.Build.0 = Release|Any CPU
		{C103798D-9CBB-402C-BF99-32A7A150FD4B}.Release|Mixed Platforms.ActiveCfg = Release|x86
		{C103798D-9CBB-402C-BF99-32A7A150FD4B}.Release|Mixed Platforms.Build.0 = Release|x86
		{C103798D-9CBB-402C-BF99-32A7A150FD4B}.Release|x64.ActiveCfg = Release|x64
		{C103798D-9CBB-402C-BF99-32A7A150FD4B}.Release|x64.Build.0 = Release|x64
		{C103798D-9CBB-402C-BF99-32A7A150FD4B}.Release|x86.ActiveCfg = Release|x86
		{C103798D-9CBB-402C-BF99-32A7A150FD4B}.Release|x86.Build.0 = Release|x86
		{1C09319B-01E7-4F56-B29B-61FD4E546F54}.Debug|Any CPU.ActiveCfg = Debug|Any CPU
		{1C09319B-01E7-4F56-B29B-61FD4E546F54}.Debug|Any CPU.Build.0 = Debug|Any CPU
		{1C09319B-01E7-4F56-B29B-61FD4E546F54}.Debug|Mixed Platforms.ActiveCfg = Debug|x86
		{1C09319B-01E7-4F56-B29B-61FD4E546F54}.Debug|Mixed Platforms.Build.0 = Debug|x86
		{1C09319B-01E7-4F56-B29B-61FD4E546F54}.Debug|x64.ActiveCfg = Debug|x64
		{1C09319B-01E7-4F56-B29B-61FD4E546F54}.Debug|x64.Build.0 = Debug|x64
		{1C09319B-01E7-4F56-B29B-61FD4E546F54}.Debug|x86.ActiveCfg = Debug|x86
		{1C09319B-01E7-4F56-B29B-61FD4E546F54}.Debug|x86.Build.0 = Debug|x86
		{1C09319B-01E7-4F56-B29B-61FD4E546F54}.Release|Any CPU.ActiveCfg = Release|Any CPU
		{1C09319B-01E7-4F56-B29B-61FD4E546F54}.Release|Any CPU.Build.0 = Release|Any CPU
		{1C09319B-01E7-4F56-B29B-61FD4E546F54}.Release|Mixed Platforms.ActiveCfg = Release|x86
		{1C09319B-01E7-4F56-B29B-61FD4E546F54}.Release|Mixed Platforms.Build.0 = Release|x86
		{1C09319B-01E7-4F56-B29B-61FD4E546F54}.Release|x64.ActiveCfg = Release|x64
		{1C09319B-01E7-4F56-B29B-61FD4E546F54}.Release|x64.Build.0 = Release|x64
		{1C09319B-01E7-4F56-B29B-61FD4E546F54}.Release|x86.ActiveCfg = Release|x86
		{1C09319B-01E7-4F56-B29B-61FD4E546F54}.Release|x86.Build.0 = Release|x86
		{E493A431-5F12-4D34-8CC4-6DF0D97ED388}.Debug|Any CPU.ActiveCfg = Debug|Any CPU
		{E493A431-5F12-4D34-8CC4-6DF0D97ED388}.Debug|Any CPU.Build.0 = Debug|Any CPU
		{E493A431-5F12-4D34-8CC4-6DF0D97ED388}.Debug|Mixed Platforms.ActiveCfg = Debug|Any CPU
		{E493A431-5F12-4D34-8CC4-6DF0D97ED388}.Debug|Mixed Platforms.Build.0 = Debug|Any CPU
		{E493A431-5F12-4D34-8CC4-6DF0D97ED388}.Debug|x64.ActiveCfg = Debug|Any CPU
		{E493A431-5F12-4D34-8CC4-6DF0D97ED388}.Debug|x86.ActiveCfg = Debug|Any CPU
		{E493A431-5F12-4D34-8CC4-6DF0D97ED388}.Release|Any CPU.ActiveCfg = Release|Any CPU
		{E493A431-5F12-4D34-8CC4-6DF0D97ED388}.Release|Any CPU.Build.0 = Release|Any CPU
		{E493A431-5F12-4D34-8CC4-6DF0D97ED388}.Release|Mixed Platforms.ActiveCfg = Release|Any CPU
		{E493A431-5F12-4D34-8CC4-6DF0D97ED388}.Release|Mixed Platforms.Build.0 = Release|Any CPU
		{E493A431-5F12-4D34-8CC4-6DF0D97ED388}.Release|x64.ActiveCfg = Release|Any CPU
		{E493A431-5F12-4D34-8CC4-6DF0D97ED388}.Release|x86.ActiveCfg = Release|Any CPU
	EndGlobalSection
	GlobalSection(SolutionProperties) = preSolution
		HideSolutionNode = FALSE
	EndGlobalSection
	GlobalSection(MonoDevelopProperties) = preSolution
		StartupItem = SqlSiphon\SqlSiphon.csproj
	EndGlobalSection
EndGlobal
