
Microsoft Visual Studio Solution File, Format Version 12.00
# Visual Studio Version 16
VisualStudioVersion = 16.0.29806.167
MinimumVisualStudioVersion = 10.0.40219.1
Project("{9A19103F-16F7-4668-BE54-9A1E7A4F7556}") = "SqlSiphon", "SqlSiphon\SqlSiphon.csproj", "{136933A4-27E3-4CBF-84F8-8898447A3D8C}"
EndProject
Project("{9A19103F-16F7-4668-BE54-9A1E7A4F7556}") = "SqlSiphon.Postgres", "SqlSiphon.Postgres\SqlSiphon.Postgres.csproj", "{175A4D4A-2C9D-4EDD-B9CC-7ADC3322CC1C}"
EndProject
Project("{9A19103F-16F7-4668-BE54-9A1E7A4F7556}") = "InitDB", "InitDB\InitDB.csproj", "{27BD4F0D-5652-4B3E-9BE4-33ED0F2DFBA1}"
	ProjectSection(ProjectDependencies) = postProject
		{38251332-2C6D-413A-AA3A-88BA110B3D4F} = {38251332-2C6D-413A-AA3A-88BA110B3D4F}
	EndProjectSection
EndProject
Project("{9A19103F-16F7-4668-BE54-9A1E7A4F7556}") = "SqlSiphon.Examples.Runner", "SqlSiphon.Examples.SqlServer.Runner\SqlSiphon.Examples.Runner.csproj", "{03563419-53BF-4076-A350-2B6392A38CB2}"
EndProject
Project("{9A19103F-16F7-4668-BE54-9A1E7A4F7556}") = "SqlSiphon.Examples", "SqlSiphon.Examples\SqlSiphon.Examples.csproj", "{38251332-2C6D-413A-AA3A-88BA110B3D4F}"
EndProject
Project("{9A19103F-16F7-4668-BE54-9A1E7A4F7556}") = "SqlSiphon.Postgres.Test", "SqlSiphon.Postgres.Test\SqlSiphon.Postgres.Test.csproj", "{365B028B-B01D-4F07-8DE1-DE09E7381519}"
EndProject
Project("{9A19103F-16F7-4668-BE54-9A1E7A4F7556}") = "SqlSiphon.TestBase", "SqlSiphon.TestBase\SqlSiphon.TestBase.csproj", "{4AB6E77A-2FA1-4A30-B3FB-B09D3DA91127}"
EndProject
Project("{2150E333-8FDC-42A3-9474-1A3956D46DE8}") = "Solution Items", "Solution Items", "{8E0BCDC1-BDC9-443C-A413-0E7B5F39CBF0}"
	ProjectSection(SolutionItems) = preProject
		.editorconfig = .editorconfig
		Directory.Build.props = Directory.Build.props
		Directory.Build.targets = Directory.Build.targets
		README.md = README.md
	EndProjectSection
EndProject
Global
	GlobalSection(SolutionConfigurationPlatforms) = preSolution
		Debug|Any CPU = Debug|Any CPU
		Debug|x64 = Debug|x64
		Debug|x86 = Debug|x86
		Release|Any CPU = Release|Any CPU
		Release|x64 = Release|x64
		Release|x86 = Release|x86
	EndGlobalSection
	GlobalSection(ProjectConfigurationPlatforms) = postSolution
		{136933A4-27E3-4CBF-84F8-8898447A3D8C}.Debug|Any CPU.ActiveCfg = Debug|Any CPU
		{136933A4-27E3-4CBF-84F8-8898447A3D8C}.Debug|Any CPU.Build.0 = Debug|Any CPU
		{136933A4-27E3-4CBF-84F8-8898447A3D8C}.Debug|x64.ActiveCfg = Debug|Any CPU
		{136933A4-27E3-4CBF-84F8-8898447A3D8C}.Debug|x64.Build.0 = Debug|Any CPU
		{136933A4-27E3-4CBF-84F8-8898447A3D8C}.Debug|x86.ActiveCfg = Debug|Any CPU
		{136933A4-27E3-4CBF-84F8-8898447A3D8C}.Debug|x86.Build.0 = Debug|Any CPU
		{136933A4-27E3-4CBF-84F8-8898447A3D8C}.Release|Any CPU.ActiveCfg = Release|Any CPU
		{136933A4-27E3-4CBF-84F8-8898447A3D8C}.Release|Any CPU.Build.0 = Release|Any CPU
		{136933A4-27E3-4CBF-84F8-8898447A3D8C}.Release|x64.ActiveCfg = Release|Any CPU
		{136933A4-27E3-4CBF-84F8-8898447A3D8C}.Release|x64.Build.0 = Release|Any CPU
		{136933A4-27E3-4CBF-84F8-8898447A3D8C}.Release|x86.ActiveCfg = Release|Any CPU
		{136933A4-27E3-4CBF-84F8-8898447A3D8C}.Release|x86.Build.0 = Release|Any CPU
		{175A4D4A-2C9D-4EDD-B9CC-7ADC3322CC1C}.Debug|Any CPU.ActiveCfg = Debug|Any CPU
		{175A4D4A-2C9D-4EDD-B9CC-7ADC3322CC1C}.Debug|Any CPU.Build.0 = Debug|Any CPU
		{175A4D4A-2C9D-4EDD-B9CC-7ADC3322CC1C}.Debug|x64.ActiveCfg = Debug|Any CPU
		{175A4D4A-2C9D-4EDD-B9CC-7ADC3322CC1C}.Debug|x64.Build.0 = Debug|Any CPU
		{175A4D4A-2C9D-4EDD-B9CC-7ADC3322CC1C}.Debug|x86.ActiveCfg = Debug|Any CPU
		{175A4D4A-2C9D-4EDD-B9CC-7ADC3322CC1C}.Debug|x86.Build.0 = Debug|Any CPU
		{175A4D4A-2C9D-4EDD-B9CC-7ADC3322CC1C}.Release|Any CPU.ActiveCfg = Release|Any CPU
		{175A4D4A-2C9D-4EDD-B9CC-7ADC3322CC1C}.Release|Any CPU.Build.0 = Release|Any CPU
		{175A4D4A-2C9D-4EDD-B9CC-7ADC3322CC1C}.Release|x64.ActiveCfg = Release|Any CPU
		{175A4D4A-2C9D-4EDD-B9CC-7ADC3322CC1C}.Release|x64.Build.0 = Release|Any CPU
		{175A4D4A-2C9D-4EDD-B9CC-7ADC3322CC1C}.Release|x86.ActiveCfg = Release|Any CPU
		{175A4D4A-2C9D-4EDD-B9CC-7ADC3322CC1C}.Release|x86.Build.0 = Release|Any CPU
		{27BD4F0D-5652-4B3E-9BE4-33ED0F2DFBA1}.Debug|Any CPU.ActiveCfg = Debug|Any CPU
		{27BD4F0D-5652-4B3E-9BE4-33ED0F2DFBA1}.Debug|Any CPU.Build.0 = Debug|Any CPU
		{27BD4F0D-5652-4B3E-9BE4-33ED0F2DFBA1}.Debug|x64.ActiveCfg = Debug|Any CPU
		{27BD4F0D-5652-4B3E-9BE4-33ED0F2DFBA1}.Debug|x64.Build.0 = Debug|Any CPU
		{27BD4F0D-5652-4B3E-9BE4-33ED0F2DFBA1}.Debug|x86.ActiveCfg = Debug|Any CPU
		{27BD4F0D-5652-4B3E-9BE4-33ED0F2DFBA1}.Debug|x86.Build.0 = Debug|Any CPU
		{27BD4F0D-5652-4B3E-9BE4-33ED0F2DFBA1}.Release|Any CPU.ActiveCfg = Debug|Any CPU
		{27BD4F0D-5652-4B3E-9BE4-33ED0F2DFBA1}.Release|Any CPU.Build.0 = Debug|Any CPU
		{27BD4F0D-5652-4B3E-9BE4-33ED0F2DFBA1}.Release|x64.ActiveCfg = Release|Any CPU
		{27BD4F0D-5652-4B3E-9BE4-33ED0F2DFBA1}.Release|x64.Build.0 = Release|Any CPU
		{27BD4F0D-5652-4B3E-9BE4-33ED0F2DFBA1}.Release|x86.ActiveCfg = Release|Any CPU
		{27BD4F0D-5652-4B3E-9BE4-33ED0F2DFBA1}.Release|x86.Build.0 = Release|Any CPU
		{03563419-53BF-4076-A350-2B6392A38CB2}.Debug|Any CPU.ActiveCfg = Debug|Any CPU
		{03563419-53BF-4076-A350-2B6392A38CB2}.Debug|Any CPU.Build.0 = Debug|Any CPU
		{03563419-53BF-4076-A350-2B6392A38CB2}.Debug|x64.ActiveCfg = Debug|Any CPU
		{03563419-53BF-4076-A350-2B6392A38CB2}.Debug|x64.Build.0 = Debug|Any CPU
		{03563419-53BF-4076-A350-2B6392A38CB2}.Debug|x86.ActiveCfg = Debug|Any CPU
		{03563419-53BF-4076-A350-2B6392A38CB2}.Debug|x86.Build.0 = Debug|Any CPU
		{03563419-53BF-4076-A350-2B6392A38CB2}.Release|Any CPU.ActiveCfg = Release|Any CPU
		{03563419-53BF-4076-A350-2B6392A38CB2}.Release|Any CPU.Build.0 = Release|Any CPU
		{03563419-53BF-4076-A350-2B6392A38CB2}.Release|x64.ActiveCfg = Release|Any CPU
		{03563419-53BF-4076-A350-2B6392A38CB2}.Release|x64.Build.0 = Release|Any CPU
		{03563419-53BF-4076-A350-2B6392A38CB2}.Release|x86.ActiveCfg = Release|Any CPU
		{03563419-53BF-4076-A350-2B6392A38CB2}.Release|x86.Build.0 = Release|Any CPU
		{38251332-2C6D-413A-AA3A-88BA110B3D4F}.Debug|Any CPU.ActiveCfg = Debug|Any CPU
		{38251332-2C6D-413A-AA3A-88BA110B3D4F}.Debug|Any CPU.Build.0 = Debug|Any CPU
		{38251332-2C6D-413A-AA3A-88BA110B3D4F}.Debug|x64.ActiveCfg = Debug|Any CPU
		{38251332-2C6D-413A-AA3A-88BA110B3D4F}.Debug|x64.Build.0 = Debug|Any CPU
		{38251332-2C6D-413A-AA3A-88BA110B3D4F}.Debug|x86.ActiveCfg = Debug|Any CPU
		{38251332-2C6D-413A-AA3A-88BA110B3D4F}.Debug|x86.Build.0 = Debug|Any CPU
		{38251332-2C6D-413A-AA3A-88BA110B3D4F}.Release|Any CPU.ActiveCfg = Release|Any CPU
		{38251332-2C6D-413A-AA3A-88BA110B3D4F}.Release|Any CPU.Build.0 = Release|Any CPU
		{38251332-2C6D-413A-AA3A-88BA110B3D4F}.Release|x64.ActiveCfg = Release|Any CPU
		{38251332-2C6D-413A-AA3A-88BA110B3D4F}.Release|x64.Build.0 = Release|Any CPU
		{38251332-2C6D-413A-AA3A-88BA110B3D4F}.Release|x86.ActiveCfg = Release|Any CPU
		{38251332-2C6D-413A-AA3A-88BA110B3D4F}.Release|x86.Build.0 = Release|Any CPU
		{365B028B-B01D-4F07-8DE1-DE09E7381519}.Debug|Any CPU.ActiveCfg = Debug|Any CPU
		{365B028B-B01D-4F07-8DE1-DE09E7381519}.Debug|Any CPU.Build.0 = Debug|Any CPU
		{365B028B-B01D-4F07-8DE1-DE09E7381519}.Debug|x64.ActiveCfg = Debug|Any CPU
		{365B028B-B01D-4F07-8DE1-DE09E7381519}.Debug|x64.Build.0 = Debug|Any CPU
		{365B028B-B01D-4F07-8DE1-DE09E7381519}.Debug|x86.ActiveCfg = Debug|Any CPU
		{365B028B-B01D-4F07-8DE1-DE09E7381519}.Debug|x86.Build.0 = Debug|Any CPU
		{365B028B-B01D-4F07-8DE1-DE09E7381519}.Release|Any CPU.ActiveCfg = Release|Any CPU
		{365B028B-B01D-4F07-8DE1-DE09E7381519}.Release|Any CPU.Build.0 = Release|Any CPU
		{365B028B-B01D-4F07-8DE1-DE09E7381519}.Release|x64.ActiveCfg = Release|Any CPU
		{365B028B-B01D-4F07-8DE1-DE09E7381519}.Release|x64.Build.0 = Release|Any CPU
		{365B028B-B01D-4F07-8DE1-DE09E7381519}.Release|x86.ActiveCfg = Release|Any CPU
		{365B028B-B01D-4F07-8DE1-DE09E7381519}.Release|x86.Build.0 = Release|Any CPU
		{4AB6E77A-2FA1-4A30-B3FB-B09D3DA91127}.Debug|Any CPU.ActiveCfg = Debug|Any CPU
		{4AB6E77A-2FA1-4A30-B3FB-B09D3DA91127}.Debug|Any CPU.Build.0 = Debug|Any CPU
		{4AB6E77A-2FA1-4A30-B3FB-B09D3DA91127}.Debug|x64.ActiveCfg = Debug|Any CPU
		{4AB6E77A-2FA1-4A30-B3FB-B09D3DA91127}.Debug|x86.ActiveCfg = Debug|Any CPU
		{4AB6E77A-2FA1-4A30-B3FB-B09D3DA91127}.Release|Any CPU.ActiveCfg = Release|Any CPU
		{4AB6E77A-2FA1-4A30-B3FB-B09D3DA91127}.Release|Any CPU.Build.0 = Release|Any CPU
		{4AB6E77A-2FA1-4A30-B3FB-B09D3DA91127}.Release|x64.ActiveCfg = Release|Any CPU
		{4AB6E77A-2FA1-4A30-B3FB-B09D3DA91127}.Release|x86.ActiveCfg = Release|Any CPU
	EndGlobalSection
	GlobalSection(SolutionProperties) = preSolution
		HideSolutionNode = FALSE
	EndGlobalSection
	GlobalSection(ExtensibilityGlobals) = postSolution
		SolutionGuid = {F945A3F3-3824-4B5C-9C4E-62E614E2EACB}
	EndGlobalSection
	GlobalSection(MonoDevelopProperties) = preSolution
		StartupItem = SqlSiphon\SqlSiphon.csproj
	EndGlobalSection
EndGlobal
